
Microsoft Visual Studio Solution File, Format Version 12.00
# Visual Studio Version 17
VisualStudioVersion = 17.4.33103.184
MinimumVisualStudioVersion = 10.0.40219.1
Project("{FAE04EC0-301F-11D3-BF4B-00C04F79EFBC}") = "Hi-Lo game", "Hi-Lo game\Hi-Lo game.csproj", "{FD83E420-37AA-421A-BBE7-08AA63CF2345}"
EndProject
Global
	GlobalSection(SolutionConfigurationPlatforms) = preSolution
		Debug|Any CPU = Debug|Any CPU
		Release|Any CPU = Release|Any CPU
	EndGlobalSection
	GlobalSection(ProjectConfigurationPlatforms) = postSolution
		{FD83E420-37AA-421A-BBE7-08AA63CF2345}.Debug|Any CPU.ActiveCfg = Debug|Any CPU
		{FD83E420-37AA-421A-BBE7-08AA63CF2345}.Debug|Any CPU.Build.0 = Debug|Any CPU
		{FD83E420-37AA-421A-BBE7-08AA63CF2345}.Release|Any CPU.ActiveCfg = Release|Any CPU
		{FD83E420-37AA-421A-BBE7-08AA63CF2345}.Release|Any CPU.Build.0 = Release|Any CPU
	EndGlobalSection
	GlobalSection(SolutionProperties) = preSolution
		HideSolutionNode = FALSE
	EndGlobalSection
	GlobalSection(ExtensibilityGlobals) = postSolution
		SolutionGuid = {3CA4D5DE-E94F-4E7F-AF9D-3CB6EFE2E6B7}
	EndGlobalSection
EndGlobal
